
Microsoft Visual Studio Solution File, Format Version 12.00
Project("{FAE04EC0-301F-11D3-BF4B-00C04F79EFBC}") = "BookManager", "BookManager.csproj", "{A3D2113F-C620-475B-BDA1-0A7EE51EED76}"
EndProject
Global
	GlobalSection(SolutionConfigurationPlatforms) = preSolution
		Debug|Any CPU = Debug|Any CPU
		Release|Any CPU = Release|Any CPU
	EndGlobalSection
	GlobalSection(ProjectConfigurationPlatforms) = postSolution
		{A3D2113F-C620-475B-BDA1-0A7EE51EED76}.Debug|Any CPU.ActiveCfg = Debug|Any CPU
		{A3D2113F-C620-475B-BDA1-0A7EE51EED76}.Debug|Any CPU.Build.0 = Debug|Any CPU
		{A3D2113F-C620-475B-BDA1-0A7EE51EED76}.Release|Any CPU.ActiveCfg = Release|Any CPU
		{A3D2113F-C620-475B-BDA1-0A7EE51EED76}.Release|Any CPU.Build.0 = Release|Any CPU
	EndGlobalSection
EndGlobal
